
Microsoft Visual Studio Solution File, Format Version 12.00
# Visual Studio 15
VisualStudioVersion = 15.0.28010.2036
MinimumVisualStudioVersion = 10.0.40219.1
Project("{FAE04EC0-301F-11D3-BF4B-00C04F79EFBC}") = "ssb180002Asg4", "ssb180002Asg4\ssb180002Asg4.csproj", "{A594B4F0-7270-44B5-82B3-202DEEA16D05}"
EndProject
Global
	GlobalSection(SolutionConfigurationPlatforms) = preSolution
		Debug|Any CPU = Debug|Any CPU
		Release|Any CPU = Release|Any CPU
	EndGlobalSection
	GlobalSection(ProjectConfigurationPlatforms) = postSolution
		{A594B4F0-7270-44B5-82B3-202DEEA16D05}.Debug|Any CPU.ActiveCfg = Debug|Any CPU
		{A594B4F0-7270-44B5-82B3-202DEEA16D05}.Debug|Any CPU.Build.0 = Debug|Any CPU
		{A594B4F0-7270-44B5-82B3-202DEEA16D05}.Release|Any CPU.ActiveCfg = Release|Any CPU
		{A594B4F0-7270-44B5-82B3-202DEEA16D05}.Release|Any CPU.Build.0 = Release|Any CPU
	EndGlobalSection
	GlobalSection(SolutionProperties) = preSolution
		HideSolutionNode = FALSE
	EndGlobalSection
	GlobalSection(ExtensibilityGlobals) = postSolution
		SolutionGuid = {7B1D9340-52AF-4F3F-BFD9-167B5FC9EBC6}
	EndGlobalSection
EndGlobal
